
Microsoft Visual Studio Solution File, Format Version 12.00
# Visual Studio Version 17
VisualStudioVersion = 17.11.35327.3
MinimumVisualStudioVersion = 10.0.40219.1
Project("{FAE04EC0-301F-11D3-BF4B-00C04F79EFBC}") = "Educacion", "Educacion\Educacion.csproj", "{52670956-CDC8-498A-A087-0A6EDADDAEB6}"
EndProject
Global
	GlobalSection(SolutionConfigurationPlatforms) = preSolution
		Debug|Any CPU = Debug|Any CPU
		Release|Any CPU = Release|Any CPU
	EndGlobalSection
	GlobalSection(ProjectConfigurationPlatforms) = postSolution
		{52670956-CDC8-498A-A087-0A6EDADDAEB6}.Debug|Any CPU.ActiveCfg = Debug|Any CPU
		{52670956-CDC8-498A-A087-0A6EDADDAEB6}.Debug|Any CPU.Build.0 = Debug|Any CPU
		{52670956-CDC8-498A-A087-0A6EDADDAEB6}.Release|Any CPU.ActiveCfg = Release|Any CPU
		{52670956-CDC8-498A-A087-0A6EDADDAEB6}.Release|Any CPU.Build.0 = Release|Any CPU
	EndGlobalSection
	GlobalSection(SolutionProperties) = preSolution
		HideSolutionNode = FALSE
	EndGlobalSection
	GlobalSection(ExtensibilityGlobals) = postSolution
		SolutionGuid = {B0616EC0-6BD4-44BB-A0AF-2911ED1E14D3}
	EndGlobalSection
EndGlobal
